// !$*UTF8*$!
{
	archiveVersion = 1;
	classes = {
	};
	objectVersion = 56;
	objects = {

/* Begin PBXBuildFile section */
		301A1F8A29BD7B10002DCFD7 /* XZCommonLib.m in Sources */ = {isa = PBXBuildFile; fileRef = 301A1F8929BD7B10002DCFD7 /* XZCommonLib.m */; };
		301A1F8B29BD7B10002DCFD7 /* XZCommonLib.h in CopyFiles */ = {isa = PBXBuildFile; fileRef = 301A1F8829BD7B10002DCFD7 /* XZCommonLib.h */; };
		301A1F9329BD7C5E002DCFD7 /* UIColor+Hex.m in Sources */ = {isa = PBXBuildFile; fileRef = 301A1F9229BD7C5E002DCFD7 /* UIColor+Hex.m */; };
		301A1F9629BD7D24002DCFD7 /* UIView+Boundary.m in Sources */ = {isa = PBXBuildFile; fileRef = 301A1F9529BD7D24002DCFD7 /* UIView+Boundary.m */; };
		301A1F9929BD7DB4002DCFD7 /* UIUtils.m in Sources */ = {isa = PBXBuildFile; fileRef = 301A1F9829BD7DB4002DCFD7 /* UIUtils.m */; };
		301A1F9C29BD7E8F002DCFD7 /* UIImage+ImageHelper.m in Sources */ = {isa = PBXBuildFile; fileRef = 301A1F9B29BD7E8F002DCFD7 /* UIImage+ImageHelper.m */; };
		301A1FA129BD8062002DCFD7 /* XZConverseUIUtils.m in Sources */ = {isa = PBXBuildFile; fileRef = 301A1FA029BD8062002DCFD7 /* XZConverseUIUtils.m */; };
		301A1FA529BD8336002DCFD7 /* XZDevice.m in Sources */ = {isa = PBXBuildFile; fileRef = 301A1FA429BD8336002DCFD7 /* XZDevice.m */; };
		301A1FA829BD83D7002DCFD7 /* UIButton+PrivateValue.m in Sources */ = {isa = PBXBuildFile; fileRef = 301A1FA729BD83D7002DCFD7 /* UIButton+PrivateValue.m */; };
		301A1FAB29BD84C9002DCFD7 /* NSString+Calculation.m in Sources */ = {isa = PBXBuildFile; fileRef = 301A1FAA29BD84C9002DCFD7 /* NSString+Calculation.m */; };
		301A1FAE29BD8570002DCFD7 /* NSString+RegulerExpression.m in Sources */ = {isa = PBXBuildFile; fileRef = 301A1FAD29BD8570002DCFD7 /* NSString+RegulerExpression.m */; };
/* End PBXBuildFile section */

/* Begin PBXCopyFilesBuildPhase section */
		301A1F8329BD7B10002DCFD7 /* CopyFiles */ = {
			isa = PBXCopyFilesBuildPhase;
			buildActionMask = 2147483647;
			dstPath = "include/$(PRODUCT_NAME)";
			dstSubfolderSpec = 16;
			files = (
				301A1F8B29BD7B10002DCFD7 /* XZCommonLib.h in CopyFiles */,
			);
			runOnlyForDeploymentPostprocessing = 0;
		};
/* End PBXCopyFilesBuildPhase section */

/* Begin PBXFileReference section */
		301A1F8529BD7B10002DCFD7 /* libXZCommonLib.a */ = {isa = PBXFileReference; explicitFileType = archive.ar; includeInIndex = 0; path = libXZCommonLib.a; sourceTree = BUILT_PRODUCTS_DIR; };
		301A1F8829BD7B10002DCFD7 /* XZCommonLib.h */ = {isa = PBXFileReference; lastKnownFileType = sourcecode.c.h; path = XZCommonLib.h; sourceTree = "<group>"; };
		301A1F8929BD7B10002DCFD7 /* XZCommonLib.m */ = {isa = PBXFileReference; lastKnownFileType = sourcecode.c.objc; path = XZCommonLib.m; sourceTree = "<group>"; };
		301A1F9129BD7C5E002DCFD7 /* UIColor+Hex.h */ = {isa = PBXFileReference; lastKnownFileType = sourcecode.c.h; path = "UIColor+Hex.h"; sourceTree = "<group>"; };
		301A1F9229BD7C5E002DCFD7 /* UIColor+Hex.m */ = {isa = PBXFileReference; lastKnownFileType = sourcecode.c.objc; path = "UIColor+Hex.m"; sourceTree = "<group>"; };
		301A1F9429BD7D24002DCFD7 /* UIView+Boundary.h */ = {isa = PBXFileReference; lastKnownFileType = sourcecode.c.h; path = "UIView+Boundary.h"; sourceTree = "<group>"; };
		301A1F9529BD7D24002DCFD7 /* UIView+Boundary.m */ = {isa = PBXFileReference; lastKnownFileType = sourcecode.c.objc; path = "UIView+Boundary.m"; sourceTree = "<group>"; };
		301A1F9729BD7DB4002DCFD7 /* UIUtils.h */ = {isa = PBXFileReference; lastKnownFileType = sourcecode.c.h; path = UIUtils.h; sourceTree = "<group>"; };
		301A1F9829BD7DB4002DCFD7 /* UIUtils.m */ = {isa = PBXFileReference; lastKnownFileType = sourcecode.c.objc; path = UIUtils.m; sourceTree = "<group>"; };
		301A1F9A29BD7E8F002DCFD7 /* UIImage+ImageHelper.h */ = {isa = PBXFileReference; lastKnownFileType = sourcecode.c.h; path = "UIImage+ImageHelper.h"; sourceTree = "<group>"; };
		301A1F9B29BD7E8F002DCFD7 /* UIImage+ImageHelper.m */ = {isa = PBXFileReference; lastKnownFileType = sourcecode.c.objc; path = "UIImage+ImageHelper.m"; sourceTree = "<group>"; };
		301A1F9D29BD7F5B002DCFD7 /* Dimens.h */ = {isa = PBXFileReference; lastKnownFileType = sourcecode.c.h; path = Dimens.h; sourceTree = "<group>"; };
		301A1F9E29BD7FAD002DCFD7 /* CommonFont.h */ = {isa = PBXFileReference; lastKnownFileType = sourcecode.c.h; path = CommonFont.h; sourceTree = "<group>"; };
		301A1F9F29BD8062002DCFD7 /* XZConverseUIUtils.h */ = {isa = PBXFileReference; lastKnownFileType = sourcecode.c.h; path = XZConverseUIUtils.h; sourceTree = "<group>"; };
		301A1FA029BD8062002DCFD7 /* XZConverseUIUtils.m */ = {isa = PBXFileReference; lastKnownFileType = sourcecode.c.objc; path = XZConverseUIUtils.m; sourceTree = "<group>"; };
		301A1FA229BD8140002DCFD7 /* BaseColor.h */ = {isa = PBXFileReference; lastKnownFileType = sourcecode.c.h; path = BaseColor.h; sourceTree = "<group>"; };
		301A1FA329BD8336002DCFD7 /* XZDevice.h */ = {isa = PBXFileReference; lastKnownFileType = sourcecode.c.h; path = XZDevice.h; sourceTree = "<group>"; };
		301A1FA429BD8336002DCFD7 /* XZDevice.m */ = {isa = PBXFileReference; lastKnownFileType = sourcecode.c.objc; path = XZDevice.m; sourceTree = "<group>"; };
		301A1FA629BD83D7002DCFD7 /* UIButton+PrivateValue.h */ = {isa = PBXFileReference; lastKnownFileType = sourcecode.c.h; path = "UIButton+PrivateValue.h"; sourceTree = "<group>"; };
		301A1FA729BD83D7002DCFD7 /* UIButton+PrivateValue.m */ = {isa = PBXFileReference; lastKnownFileType = sourcecode.c.objc; path = "UIButton+PrivateValue.m"; sourceTree = "<group>"; };
		301A1FA929BD84C9002DCFD7 /* NSString+Calculation.h */ = {isa = PBXFileReference; lastKnownFileType = sourcecode.c.h; path = "NSString+Calculation.h"; sourceTree = "<group>"; };
		301A1FAA29BD84C9002DCFD7 /* NSString+Calculation.m */ = {isa = PBXFileReference; lastKnownFileType = sourcecode.c.objc; path = "NSString+Calculation.m"; sourceTree = "<group>"; };
		301A1FAC29BD8570002DCFD7 /* NSString+RegulerExpression.h */ = {isa = PBXFileReference; lastKnownFileType = sourcecode.c.h; path = "NSString+RegulerExpression.h"; sourceTree = "<group>"; };
		301A1FAD29BD8570002DCFD7 /* NSString+RegulerExpression.m */ = {isa = PBXFileReference; lastKnownFileType = sourcecode.c.objc; path = "NSString+RegulerExpression.m"; sourceTree = "<group>"; };
/* End PBXFileReference section */

/* Begin PBXFrameworksBuildPhase section */
		301A1F8229BD7B10002DCFD7 /* Frameworks */ = {
			isa = PBXFrameworksBuildPhase;
			buildActionMask = 2147483647;
			files = (
			);
			runOnlyForDeploymentPostprocessing = 0;
		};
/* End PBXFrameworksBuildPhase section */

/* Begin PBXGroup section */
		301A1F7C29BD7B10002DCFD7 = {
			isa = PBXGroup;
			children = (
				301A1F8729BD7B10002DCFD7 /* XZCommonLib */,
				301A1F8629BD7B10002DCFD7 /* Products */,
			);
			sourceTree = "<group>";
		};
		301A1F8629BD7B10002DCFD7 /* Products */ = {
			isa = PBXGroup;
			children = (
				301A1F8529BD7B10002DCFD7 /* libXZCommonLib.a */,
			);
			name = Products;
			sourceTree = "<group>";
		};
		301A1F8729BD7B10002DCFD7 /* XZCommonLib */ = {
			isa = PBXGroup;
			children = (
				301A1F8829BD7B10002DCFD7 /* XZCommonLib.h */,
				301A1F8929BD7B10002DCFD7 /* XZCommonLib.m */,
				301A1F9D29BD7F5B002DCFD7 /* Dimens.h */,
				301A1F9E29BD7FAD002DCFD7 /* CommonFont.h */,
				301A1FA229BD8140002DCFD7 /* BaseColor.h */,
				301A1F9129BD7C5E002DCFD7 /* UIColor+Hex.h */,
				301A1F9229BD7C5E002DCFD7 /* UIColor+Hex.m */,
				301A1F9429BD7D24002DCFD7 /* UIView+Boundary.h */,
				301A1F9529BD7D24002DCFD7 /* UIView+Boundary.m */,
				301A1F9729BD7DB4002DCFD7 /* UIUtils.h */,
				301A1F9829BD7DB4002DCFD7 /* UIUtils.m */,
				301A1F9A29BD7E8F002DCFD7 /* UIImage+ImageHelper.h */,
				301A1F9B29BD7E8F002DCFD7 /* UIImage+ImageHelper.m */,
				301A1F9F29BD8062002DCFD7 /* XZConverseUIUtils.h */,
				301A1FA029BD8062002DCFD7 /* XZConverseUIUtils.m */,
				301A1FA329BD8336002DCFD7 /* XZDevice.h */,
				301A1FA429BD8336002DCFD7 /* XZDevice.m */,
				301A1FA629BD83D7002DCFD7 /* UIButton+PrivateValue.h */,
				301A1FA729BD83D7002DCFD7 /* UIButton+PrivateValue.m */,
				301A1FA929BD84C9002DCFD7 /* NSString+Calculation.h */,
				301A1FAA29BD84C9002DCFD7 /* NSString+Calculation.m */,
				301A1FAC29BD8570002DCFD7 /* NSString+RegulerExpression.h */,
				301A1FAD29BD8570002DCFD7 /* NSString+RegulerExpression.m */,
			);
			path = XZCommonLib;
			sourceTree = "<group>";
		};
/* End PBXGroup section */

/* Begin PBXNativeTarget section */
		301A1F8429BD7B10002DCFD7 /* XZCommonLib */ = {
			isa = PBXNativeTarget;
			buildConfigurationList = 301A1F8E29BD7B10002DCFD7 /* Build configuration list for PBXNativeTarget "XZCommonLib" */;
			buildPhases = (
				301A1F8129BD7B10002DCFD7 /* Sources */,
				301A1F8229BD7B10002DCFD7 /* Frameworks */,
				301A1F8329BD7B10002DCFD7 /* CopyFiles */,
			);
			buildRules = (
			);
			dependencies = (
			);
			name = XZCommonLib;
			productName = XZCommonLib;
			productReference = 301A1F8529BD7B10002DCFD7 /* libXZCommonLib.a */;
			productType = "com.apple.product-type.library.static";
		};
/* End PBXNativeTarget section */

/* Begin PBXProject section */
		301A1F7D29BD7B10002DCFD7 /* Project object */ = {
			isa = PBXProject;
			attributes = {
				BuildIndependentTargetsInParallel = 1;
				LastUpgradeCheck = 1420;
				TargetAttributes = {
					301A1F8429BD7B10002DCFD7 = {
						CreatedOnToolsVersion = 14.2;
					};
				};
			};
			buildConfigurationList = 301A1F8029BD7B10002DCFD7 /* Build configuration list for PBXProject "XZCommonLib" */;
			compatibilityVersion = "Xcode 14.0";
			developmentRegion = en;
			hasScannedForEncodings = 0;
			knownRegions = (
				en,
				Base,
			);
			mainGroup = 301A1F7C29BD7B10002DCFD7;
			productRefGroup = 301A1F8629BD7B10002DCFD7 /* Products */;
			projectDirPath = "";
			projectRoot = "";
			targets = (
				301A1F8429BD7B10002DCFD7 /* XZCommonLib */,
			);
		};
/* End PBXProject section */

/* Begin PBXSourcesBuildPhase section */
		301A1F8129BD7B10002DCFD7 /* Sources */ = {
			isa = PBXSourcesBuildPhase;
			buildActionMask = 2147483647;
			files = (
				301A1F8A29BD7B10002DCFD7 /* XZCommonLib.m in Sources */,
				301A1FA529BD8336002DCFD7 /* XZDevice.m in Sources */,
				301A1F9329BD7C5E002DCFD7 /* UIColor+Hex.m in Sources */,
				301A1FAB29BD84C9002DCFD7 /* NSString+Calculation.m in Sources */,
				301A1FAE29BD8570002DCFD7 /* NSString+RegulerExpression.m in Sources */,
				301A1F9C29BD7E8F002DCFD7 /* UIImage+ImageHelper.m in Sources */,
				301A1F9629BD7D24002DCFD7 /* UIView+Boundary.m in Sources */,
				301A1FA129BD8062002DCFD7 /* XZConverseUIUtils.m in Sources */,
				301A1F9929BD7DB4002DCFD7 /* UIUtils.m in Sources */,
				301A1FA829BD83D7002DCFD7 /* UIButton+PrivateValue.m in Sources */,
			);
			runOnlyForDeploymentPostprocessing = 0;
		};
/* End PBXSourcesBuildPhase section */

/* Begin XCBuildConfiguration section */
		301A1F8C29BD7B10002DCFD7 /* Debug */ = {
			isa = XCBuildConfiguration;
			buildSettings = {
				ALWAYS_SEARCH_USER_PATHS = NO;
				CLANG_ANALYZER_NONNULL = YES;
				CLANG_ANALYZER_NUMBER_OBJECT_CONVERSION = YES_AGGRESSIVE;
				CLANG_CXX_LANGUAGE_STANDARD = "gnu++20";
				CLANG_ENABLE_MODULES = YES;
				CLANG_ENABLE_OBJC_ARC = YES;
				CLANG_ENABLE_OBJC_WEAK = YES;
				CLANG_WARN_BLOCK_CAPTURE_AUTORELEASING = YES;
				CLANG_WARN_BOOL_CONVERSION = YES;
				CLANG_WARN_COMMA = YES;
				CLANG_WARN_CONSTANT_CONVERSION = YES;
				CLANG_WARN_DEPRECATED_OBJC_IMPLEMENTATIONS = YES;
				CLANG_WARN_DIRECT_OBJC_ISA_USAGE = YES_ERROR;
				CLANG_WARN_DOCUMENTATION_COMMENTS = YES;
				CLANG_WARN_EMPTY_BODY = YES;
				CLANG_WARN_ENUM_CONVERSION = YES;
				CLANG_WARN_INFINITE_RECURSION = YES;
				CLANG_WARN_INT_CONVERSION = YES;
				CLANG_WARN_NON_LITERAL_NULL_CONVERSION = YES;
				CLANG_WARN_OBJC_IMPLICIT_RETAIN_SELF = YES;
				CLANG_WARN_OBJC_LITERAL_CONVERSION = YES;
				CLANG_WARN_OBJC_ROOT_CLASS = YES_ERROR;
				CLANG_WARN_QUOTED_INCLUDE_IN_FRAMEWORK_HEADER = YES;
				CLANG_WARN_RANGE_LOOP_ANALYSIS = YES;
				CLANG_WARN_STRICT_PROTOTYPES = YES;
				CLANG_WARN_SUSPICIOUS_MOVE = YES;
				CLANG_WARN_UNGUARDED_AVAILABILITY = YES_AGGRESSIVE;
				CLANG_WARN_UNREACHABLE_CODE = YES;
				CLANG_WARN__DUPLICATE_METHOD_MATCH = YES;
				COPY_PHASE_STRIP = NO;
				DEBUG_INFORMATION_FORMAT = dwarf;
				ENABLE_STRICT_OBJC_MSGSEND = YES;
				ENABLE_TESTABILITY = YES;
				GCC_C_LANGUAGE_STANDARD = gnu11;
				GCC_DYNAMIC_NO_PIC = NO;
				GCC_NO_COMMON_BLOCKS = YES;
				GCC_OPTIMIZATION_LEVEL = 0;
				GCC_PREPROCESSOR_DEFINITIONS = (
					"DEBUG=1",
					"$(inherited)",
				);
				GCC_WARN_64_TO_32_BIT_CONVERSION = YES;
				GCC_WARN_ABOUT_RETURN_TYPE = YES_ERROR;
				GCC_WARN_UNDECLARED_SELECTOR = YES;
				GCC_WARN_UNINITIALIZED_AUTOS = YES_AGGRESSIVE;
				GCC_WARN_UNUSED_FUNCTION = YES;
				GCC_WARN_UNUSED_VARIABLE = YES;
				IPHONEOS_DEPLOYMENT_TARGET = 16.2;
				MTL_ENABLE_DEBUG_INFO = INCLUDE_SOURCE;
				MTL_FAST_MATH = YES;
				ONLY_ACTIVE_ARCH = YES;
				SDKROOT = iphoneos;
			};
			name = Debug;
		};
		301A1F8D29BD7B10002DCFD7 /* Release */ = {
			isa = XCBuildConfiguration;
			buildSettings = {
				ALWAYS_SEARCH_USER_PATHS = NO;
				CLANG_ANALYZER_NONNULL = YES;
				CLANG_ANALYZER_NUMBER_OBJECT_CONVERSION = YES_AGGRESSIVE;
				CLANG_CXX_LANGUAGE_STANDARD = "gnu++20";
				CLANG_ENABLE_MODULES = YES;
				CLANG_ENABLE_OBJC_ARC = YES;
				CLANG_ENABLE_OBJC_WEAK = YES;
				CLANG_WARN_BLOCK_CAPTURE_AUTORELEASING = YES;
				CLANG_WARN_BOOL_CONVERSION = YES;
				CLANG_WARN_COMMA = YES;
				CLANG_WARN_CONSTANT_CONVERSION = YES;
				CLANG_WARN_DEPRECATED_OBJC_IMPLEMENTATIONS = YES;
				CLANG_WARN_DIRECT_OBJC_ISA_USAGE = YES_ERROR;
				CLANG_WARN_DOCUMENTATION_COMMENTS = YES;
				CLANG_WARN_EMPTY_BODY = YES;
				CLANG_WARN_ENUM_CONVERSION = YES;
				CLANG_WARN_INFINITE_RECURSION = YES;
				CLANG_WARN_INT_CONVERSION = YES;
				CLANG_WARN_NON_LITERAL_NULL_CONVERSION = YES;
				CLANG_WARN_OBJC_IMPLICIT_RETAIN_SELF = YES;
				CLANG_WARN_OBJC_LITERAL_CONVERSION = YES;
				CLANG_WARN_OBJC_ROOT_CLASS = YES_ERROR;
				CLANG_WARN_QUOTED_INCLUDE_IN_FRAMEWORK_HEADER = YES;
				CLANG_WARN_RANGE_LOOP_ANALYSIS = YES;
				CLANG_WARN_STRICT_PROTOTYPES = YES;
				CLANG_WARN_SUSPICIOUS_MOVE = YES;
				CLANG_WARN_UNGUARDED_AVAILABILITY = YES_AGGRESSIVE;
				CLANG_WARN_UNREACHABLE_CODE = YES;
				CLANG_WARN__DUPLICATE_METHOD_MATCH = YES;
				COPY_PHASE_STRIP = NO;
				DEBUG_INFORMATION_FORMAT = "dwarf-with-dsym";
				ENABLE_NS_ASSERTIONS = NO;
				ENABLE_STRICT_OBJC_MSGSEND = YES;
				GCC_C_LANGUAGE_STANDARD = gnu11;
				GCC_NO_COMMON_BLOCKS = YES;
				GCC_WARN_64_TO_32_BIT_CONVERSION = YES;
				GCC_WARN_ABOUT_RETURN_TYPE = YES_ERROR;
				GCC_WARN_UNDECLARED_SELECTOR = YES;
				GCC_WARN_UNINITIALIZED_AUTOS = YES_AGGRESSIVE;
				GCC_WARN_UNUSED_FUNCTION = YES;
				GCC_WARN_UNUSED_VARIABLE = YES;
				IPHONEOS_DEPLOYMENT_TARGET = 16.2;
				MTL_ENABLE_DEBUG_INFO = NO;
				MTL_FAST_MATH = YES;
				SDKROOT = iphoneos;
				VALIDATE_PRODUCT = YES;
			};
			name = Release;
		};
		301A1F8F29BD7B10002DCFD7 /* Debug */ = {
			isa = XCBuildConfiguration;
			buildSettings = {
				CODE_SIGN_STYLE = Automatic;
				OTHER_LDFLAGS = "-ObjC";
				PRODUCT_NAME = "$(TARGET_NAME)";
				SKIP_INSTALL = YES;
				TARGETED_DEVICE_FAMILY = "1,2";
			};
			name = Debug;
		};
		301A1F9029BD7B10002DCFD7 /* Release */ = {
			isa = XCBuildConfiguration;
			buildSettings = {
				CODE_SIGN_STYLE = Automatic;
				OTHER_LDFLAGS = "-ObjC";
				PRODUCT_NAME = "$(TARGET_NAME)";
				SKIP_INSTALL = YES;
				TARGETED_DEVICE_FAMILY = "1,2";
			};
			name = Release;
		};
/* End XCBuildConfiguration section */

/* Begin XCConfigurationList section */
		301A1F8029BD7B10002DCFD7 /* Build configuration list for PBXProject "XZCommonLib" */ = {
			isa = XCConfigurationList;
			buildConfigurations = (
				301A1F8C29BD7B10002DCFD7 /* Debug */,
				301A1F8D29BD7B10002DCFD7 /* Release */,
			);
			defaultConfigurationIsVisible = 0;
			defaultConfigurationName = Release;
		};
		301A1F8E29BD7B10002DCFD7 /* Build configuration list for PBXNativeTarget "XZCommonLib" */ = {
			isa = XCConfigurationList;
			buildConfigurations = (
				301A1F8F29BD7B10002DCFD7 /* Debug */,
				301A1F9029BD7B10002DCFD7 /* Release */,
			);
			defaultConfigurationIsVisible = 0;
			defaultConfigurationName = Release;
		};
/* End XCConfigurationList section */
	};
	rootObject = 301A1F7D29BD7B10002DCFD7 /* Project object */;
}
